
Microsoft Visual Studio Solution File, Format Version 12.00
# Visual Studio Version 17
VisualStudioVersion = 17.10.35013.160
MinimumVisualStudioVersion = 10.0.40219.1
Project("{F184B08F-C81C-45F6-A57F-5ABD9991F28F}") = "ToolSelector", "ToolSelector\ToolSelector.vbproj", "{3183DA34-E8B5-4648-9EE1-B2DB0A6E5ED8}"
	ProjectSection(ProjectDependencies) = postProject
		{573C28BF-1252-4FA4-915C-42FA8969EF9A} = {573C28BF-1252-4FA4-915C-42FA8969EF9A}
	EndProjectSection
EndProject
Project("{54435603-DBB4-11D2-8724-00A0C9A8B90C}") = "ToolSelector_Setup", "ToolSelector_Setup\ToolSelector_Setup.vdproj", "{14EE9764-CA52-4CF2-8790-D8E855FB0FBD}"
	ProjectSection(ProjectDependencies) = postProject
		{573C28BF-1252-4FA4-915C-42FA8969EF9A} = {573C28BF-1252-4FA4-915C-42FA8969EF9A}
	EndProjectSection
EndProject
Project("{F184B08F-C81C-45F6-A57F-5ABD9991F28F}") = "ToolSelector_SL", "ToolSelector_SL\ToolSelector_SL.vbproj", "{2D16B6CB-A363-4D70-8BE3-BA9097D27546}"
	ProjectSection(ProjectDependencies) = postProject
		{573C28BF-1252-4FA4-915C-42FA8969EF9A} = {573C28BF-1252-4FA4-915C-42FA8969EF9A}
	EndProjectSection
EndProject
Project("{F184B08F-C81C-45F6-A57F-5ABD9991F28F}") = "ToolSelector.Data", "ToolSelector.Data\ToolSelector.Data.vbproj", "{573C28BF-1252-4FA4-915C-42FA8969EF9A}"
EndProject
Global
	GlobalSection(SolutionConfigurationPlatforms) = preSolution
		Debug|Any CPU = Debug|Any CPU
		Release|Any CPU = Release|Any CPU
	EndGlobalSection
	GlobalSection(ProjectConfigurationPlatforms) = postSolution
		{3183DA34-E8B5-4648-9EE1-B2DB0A6E5ED8}.Debug|Any CPU.ActiveCfg = Debug|Any CPU
		{3183DA34-E8B5-4648-9EE1-B2DB0A6E5ED8}.Debug|Any CPU.Build.0 = Debug|Any CPU
		{3183DA34-E8B5-4648-9EE1-B2DB0A6E5ED8}.Release|Any CPU.ActiveCfg = Release|Any CPU
		{3183DA34-E8B5-4648-9EE1-B2DB0A6E5ED8}.Release|Any CPU.Build.0 = Release|Any CPU
		{14EE9764-CA52-4CF2-8790-D8E855FB0FBD}.Debug|Any CPU.ActiveCfg = Debug
		{14EE9764-CA52-4CF2-8790-D8E855FB0FBD}.Release|Any CPU.ActiveCfg = Release
		{2D16B6CB-A363-4D70-8BE3-BA9097D27546}.Debug|Any CPU.ActiveCfg = Debug|Any CPU
		{2D16B6CB-A363-4D70-8BE3-BA9097D27546}.Debug|Any CPU.Build.0 = Debug|Any CPU
		{2D16B6CB-A363-4D70-8BE3-BA9097D27546}.Release|Any CPU.ActiveCfg = Release|Any CPU
		{2D16B6CB-A363-4D70-8BE3-BA9097D27546}.Release|Any CPU.Build.0 = Release|Any CPU
		{573C28BF-1252-4FA4-915C-42FA8969EF9A}.Debug|Any CPU.ActiveCfg = Debug|Any CPU
		{573C28BF-1252-4FA4-915C-42FA8969EF9A}.Debug|Any CPU.Build.0 = Debug|Any CPU
		{573C28BF-1252-4FA4-915C-42FA8969EF9A}.Release|Any CPU.ActiveCfg = Release|Any CPU
		{573C28BF-1252-4FA4-915C-42FA8969EF9A}.Release|Any CPU.Build.0 = Release|Any CPU
	EndGlobalSection
	GlobalSection(SolutionProperties) = preSolution
		HideSolutionNode = FALSE
	EndGlobalSection
	GlobalSection(ExtensibilityGlobals) = postSolution
		SolutionGuid = {BBDCD47D-A5FC-42EB-A94F-BEE02EB9DE2B}
	EndGlobalSection
EndGlobal
